hash: 408ba8bac7173648a62b32f8fbd19b77c78f7883cfe327be5094a6a1a10106d1
updated: 2017-07-05T22:43:24.146106359+05:30
imports:
- name: github.com/andybalholm/cascadia
  version: 349dd0209470eabd9514242c688c403c0926d266
- name: github.com/dgrijalva/jwt-go
  version: a539ee1a749a2b895533f979515ac7e6e0f5b650
- name: github.com/go-pg/pg
  version: 8f850f666a28216bd3676e386d868343e2ab116c
  subpackages:
  - internal
  - internal/parser
  - internal/pool
  - orm
  - types
- name: github.com/jinzhu/inflection
  version: 1c35d901db3da928c72a72d8458480cc9ade058f
- name: github.com/labstack/echo
  version: 935a60782cbbc55110e7bd4b33120e4567cbee43
  subpackages:
  - middleware
- name: github.com/labstack/gommon
  version: 1121fd3e243c202482226a7afe4dcd07ffc4139a
  subpackages:
  - bytes
  - color
  - log
  - random
- name: github.com/mattn/go-colorable
  version: 941b50ebc6efddf4c41c8e4537a5f68a4e686b24
- name: github.com/mattn/go-isatty
  version: fc9e8d8ef48496124e79ae0df75490096eccf6fe
- name: github.com/olebedev/config
  version: afea898d27c7d17376ecc60c7c2e73c76b40060e
- name: github.com/PuerkitoBio/goquery
  version: e1271ee34c6a305e38566ecd27ae374944907ee9
- name: github.com/valyala/bytebufferpool
  version: e746df99fe4a3986f4d4f79e13c1e0117ce9c2f7
- name: github.com/valyala/fasttemplate
  version: dcecefd839c4193db0d35b88ec65b4c12d360ab0
- name: golang.org/x/crypto
  version: 453249f01cfeb54c3d549ddb75ff152ca243f9d8
  subpackages:
  - acme
  - acme/autocert
- name: golang.org/x/net
  version: b4690f45fa1cafc47b1c280c2e75116efe40cc13
  subpackages:
  - context
  - context/ctxhttp
  - html
  - html/atom
- name: golang.org/x/sys
  version: 94b76065f2d2081d0fef24a6e67c571f51a6408a
  subpackages:
  - unix
- name: gopkg.in/yaml.v2
  version: a3f3340b5840cee44f372bddb5880fcbc419b46a
testImports: []
